dependencies:
- name: kratos
  repository: https://k8s.ory.sh/helm/charts
  version: 0.60.0
- name: oathkeeper
  repository: https://k8s.ory.sh/helm/charts
  version: 0.60.0
digest: sha256:0000000000000000000000000000000000000000000000000000000000000000
generated: "2026-04-16T10:00:00.000000000+02:00"
