dependencies:
- name: kratos
  repository: https://k8s.ory.sh/helm/charts
  version: 0.61.0
- name: oathkeeper
  repository: https://k8s.ory.sh/helm/charts
  version: 0.61.0
- name: opal
  repository: file://charts/opal
  version: 0.0.29
digest: sha256:938fc2ed9f71004b1e15e6ef0f3ea45253013cf81686675bc0622cae55b42f17
generated: "2026-04-16T18:26:30.501276664+02:00"
