dependencies:
- name: tekton
  repository: https://charts.w6d.io
  version: 0.1.1
- name: vault
  repository: https://helm.releases.hashicorp.com
  version: 0.9.1
- name: minio
  repository: https://helm.min.io/
  version: 8.0.9
- name: cert-manager
  repository: https://charts.jetstack.io
  version: v1.2.0-alpha.2
- name: ingress-nginx
  repository: https://kubernetes.github.io/ingress-nginx
  version: 3.23.0
digest: sha256:7f122386482b2230f9d90f64fc6da937969db6835765fc199449eb59baadd33a
generated: "2021-02-12T09:53:18.643053+01:00"
