dependencies:
- name: tekton
  repository: https://charts.w6d.io
  version: 0.1.0
- name: vault
  repository: https://helm.releases.hashicorp.com
  version: 0.9.1
- name: minio
  repository: https://helm.min.io/
  version: 8.0.9
- name: cert-manager
  repository: https://charts.jetstack.io
  version: v1.2.0-alpha.2
- name: ingress-nginx
  repository: https://kubernetes.github.io/ingress-nginx
  version: 3.23.0
digest: sha256:847d562790b595f685491c7a7cec6b1ba283c8d06fdc556bcad761b75269cdbc
generated: "2021-02-11T12:38:07.302039+01:00"
